
Microsoft Visual Studio Solution File, Format Version 12.00
# Visual Studio 15
VisualStudioVersion = 15.0.27130.2027
MinimumVisualStudioVersion = 10.0.40219.1
Project("{FAE04EC0-301F-11D3-BF4B-00C04F79EFBC}") = "AppContacts.Android", "AppContacts\AppContacts.Android\AppContacts.Android.csproj", "{3F8DCE21-01BC-4106-9142-EDDD769B1E04}"
EndProject
Project("{FAE04EC0-301F-11D3-BF4B-00C04F79EFBC}") = "AppContacts.iOS", "AppContacts\AppContacts.iOS\AppContacts.iOS.csproj", "{0386A932-D6CC-4846-BB7E-44A764AF536F}"
EndProject
Project("{FAE04EC0-301F-11D3-BF4B-00C04F79EFBC}") = "AppContacts", "AppContacts\AppContacts\AppContacts.csproj", "{252C4B81-75EE-4DC4-9502-7225AC523FB7}"
EndProject
Global
	GlobalSection(SolutionConfigurationPlatforms) = preSolution
		Ad-Hoc|Any CPU = Ad-Hoc|Any CPU
		Ad-Hoc|iPhone = Ad-Hoc|iPhone
		Ad-Hoc|iPhoneSimulator = Ad-Hoc|iPhoneSimulator
		AppStore|Any CPU = AppStore|Any CPU
		AppStore|iPhone = AppStore|iPhone
		AppStore|iPhoneSimulator = AppStore|iPhoneSimulator
		Debug|Any CPU = Debug|Any CPU
		Debug|iPhone = Debug|iPhone
		Debug|iPhoneSimulator = Debug|iPhoneSimulator
		Release|Any CPU = Release|Any CPU
		Release|iPhone = Release|iPhone
		Release|iPhoneSimulator = Release|iPhoneSimulator
	EndGlobalSection
	GlobalSection(ProjectConfigurationPlatforms) = postSolution
		{3F8DCE21-01BC-4106-9142-EDDD769B1E04}.Ad-Hoc|Any CPU.ActiveCfg = Release|Any CPU
		{3F8DCE21-01BC-4106-9142-EDDD769B1E04}.Ad-Hoc|Any CPU.Build.0 = Release|Any CPU
		{3F8DCE21-01BC-4106-9142-EDDD769B1E04}.Ad-Hoc|Any CPU.Deploy.0 = Release|Any CPU
		{3F8DCE21-01BC-4106-9142-EDDD769B1E04}.Ad-Hoc|iPhone.ActiveCfg = Release|Any CPU
		{3F8DCE21-01BC-4106-9142-EDDD769B1E04}.Ad-Hoc|iPhone.Build.0 = Release|Any CPU
		{3F8DCE21-01BC-4106-9142-EDDD769B1E04}.Ad-Hoc|iPhone.Deploy.0 = Release|Any CPU
		{3F8DCE21-01BC-4106-9142-EDDD769B1E04}.Ad-Hoc|iPhoneSimulator.ActiveCfg = Release|Any CPU
		{3F8DCE21-01BC-4106-9142-EDDD769B1E04}.Ad-Hoc|iPhoneSimulator.Build.0 = Release|Any CPU
		{3F8DCE21-01BC-4106-9142-EDDD769B1E04}.Ad-Hoc|iPhoneSimulator.Deploy.0 = Release|Any CPU
		{3F8DCE21-01BC-4106-9142-EDDD769B1E04}.AppStore|Any CPU.ActiveCfg = Release|Any CPU
		{3F8DCE21-01BC-4106-9142-EDDD769B1E04}.AppStore|Any CPU.Build.0 = Release|Any CPU
		{3F8DCE21-01BC-4106-9142-EDDD769B1E04}.AppStore|Any CPU.Deploy.0 = Release|Any CPU
		{3F8DCE21-01BC-4106-9142-EDDD769B1E04}.AppStore|iPhone.ActiveCfg = Release|Any CPU
		{3F8DCE21-01BC-4106-9142-EDDD769B1E04}.AppStore|iPhone.Build.0 = Release|Any CPU
		{3F8DCE21-01BC-4106-9142-EDDD769B1E04}.AppStore|iPhone.Deploy.0 = Release|Any CPU
		{3F8DCE21-01BC-4106-9142-EDDD769B1E04}.AppStore|iPhoneSimulator.ActiveCfg = Release|Any CPU
		{3F8DCE21-01BC-4106-9142-EDDD769B1E04}.AppStore|iPhoneSimulator.Build.0 = Release|Any CPU
		{3F8DCE21-01BC-4106-9142-EDDD769B1E04}.AppStore|iPhoneSimulator.Deploy.0 = Release|Any CPU
		{3F8DCE21-01BC-4106-9142-EDDD769B1E04}.Debug|Any CPU.ActiveCfg = Debug|Any CPU
		{3F8DCE21-01BC-4106-9142-EDDD769B1E04}.Debug|Any CPU.Build.0 = Debug|Any CPU
		{3F8DCE21-01BC-4106-9142-EDDD769B1E04}.Debug|Any CPU.Deploy.0 = Debug|Any CPU
		{3F8DCE21-01BC-4106-9142-EDDD769B1E04}.Debug|iPhone.ActiveCfg = Debug|Any CPU
		{3F8DCE21-01BC-4106-9142-EDDD769B1E04}.Debug|iPhone.Build.0 = Debug|Any CPU
		{3F8DCE21-01BC-4106-9142-EDDD769B1E04}.Debug|iPhone.Deploy.0 = Debug|Any CPU
		{3F8DCE21-01BC-4106-9142-EDDD769B1E04}.Debug|iPhoneSimulator.ActiveCfg = Debug|Any CPU
		{3F8DCE21-01BC-4106-9142-EDDD769B1E04}.Debug|iPhoneSimulator.Build.0 = Debug|Any CPU
		{3F8DCE21-01BC-4106-9142-EDDD769B1E04}.Debug|iPhoneSimulator.Deploy.0 = Debug|Any CPU
		{3F8DCE21-01BC-4106-9142-EDDD769B1E04}.Release|Any CPU.ActiveCfg = Release|Any CPU
		{3F8DCE21-01BC-4106-9142-EDDD769B1E04}.Release|Any CPU.Build.0 = Release|Any CPU
		{3F8DCE21-01BC-4106-9142-EDDD769B1E04}.Release|Any CPU.Deploy.0 = Release|Any CPU
		{3F8DCE21-01BC-4106-9142-EDDD769B1E04}.Release|iPhone.ActiveCfg = Release|Any CPU
		{3F8DCE21-01BC-4106-9142-EDDD769B1E04}.Release|iPhone.Build.0 = Release|Any CPU
		{3F8DCE21-01BC-4106-9142-EDDD769B1E04}.Release|iPhone.Deploy.0 = Release|Any CPU
		{3F8DCE21-01BC-4106-9142-EDDD769B1E04}.Release|iPhoneSimulator.ActiveCfg = Release|Any CPU
		{3F8DCE21-01BC-4106-9142-EDDD769B1E04}.Release|iPhoneSimulator.Build.0 = Release|Any CPU
		{3F8DCE21-01BC-4106-9142-EDDD769B1E04}.Release|iPhoneSimulator.Deploy.0 = Release|Any CPU
		{0386A932-D6CC-4846-BB7E-44A764AF536F}.Ad-Hoc|Any CPU.ActiveCfg = Ad-Hoc|iPhone
		{0386A932-D6CC-4846-BB7E-44A764AF536F}.Ad-Hoc|iPhone.ActiveCfg = Ad-Hoc|iPhone
		{0386A932-D6CC-4846-BB7E-44A764AF536F}.Ad-Hoc|iPhone.Build.0 = Ad-Hoc|iPhone
		{0386A932-D6CC-4846-BB7E-44A764AF536F}.Ad-Hoc|iPhoneSimulator.ActiveCfg = Ad-Hoc|iPhoneSimulator
		{0386A932-D6CC-4846-BB7E-44A764AF536F}.Ad-Hoc|iPhoneSimulator.Build.0 = Ad-Hoc|iPhoneSimulator
		{0386A932-D6CC-4846-BB7E-44A764AF536F}.AppStore|Any CPU.ActiveCfg = AppStore|iPhone
		{0386A932-D6CC-4846-BB7E-44A764AF536F}.AppStore|iPhone.ActiveCfg = AppStore|iPhone
		{0386A932-D6CC-4846-BB7E-44A764AF536F}.AppStore|iPhone.Build.0 = AppStore|iPhone
		{0386A932-D6CC-4846-BB7E-44A764AF536F}.AppStore|iPhoneSimulator.ActiveCfg = AppStore|iPhoneSimulator
		{0386A932-D6CC-4846-BB7E-44A764AF536F}.AppStore|iPhoneSimulator.Build.0 = AppStore|iPhoneSimulator
		{0386A932-D6CC-4846-BB7E-44A764AF536F}.Debug|Any CPU.ActiveCfg = Debug|iPhone
		{0386A932-D6CC-4846-BB7E-44A764AF536F}.Debug|iPhone.ActiveCfg = Debug|iPhone
		{0386A932-D6CC-4846-BB7E-44A764AF536F}.Debug|iPhone.Build.0 = Debug|iPhone
		{0386A932-D6CC-4846-BB7E-44A764AF536F}.Debug|iPhoneSimulator.ActiveCfg = Debug|iPhoneSimulator
		{0386A932-D6CC-4846-BB7E-44A764AF536F}.Debug|iPhoneSimulator.Build.0 = Debug|iPhoneSimulator
		{0386A932-D6CC-4846-BB7E-44A764AF536F}.Release|Any CPU.ActiveCfg = Release|iPhone
		{0386A932-D6CC-4846-BB7E-44A764AF536F}.Release|iPhone.ActiveCfg = Release|iPhone
		{0386A932-D6CC-4846-BB7E-44A764AF536F}.Release|iPhone.Build.0 = Release|iPhone
		{0386A932-D6CC-4846-BB7E-44A764AF536F}.Release|iPhoneSimulator.ActiveCfg = Release|iPhoneSimulator
		{0386A932-D6CC-4846-BB7E-44A764AF536F}.Release|iPhoneSimulator.Build.0 = Release|iPhoneSimulator
		{252C4B81-75EE-4DC4-9502-7225AC523FB7}.Ad-Hoc|Any CPU.ActiveCfg = Debug|Any CPU
		{252C4B81-75EE-4DC4-9502-7225AC523FB7}.Ad-Hoc|Any CPU.Build.0 = Debug|Any CPU
		{252C4B81-75EE-4DC4-9502-7225AC523FB7}.Ad-Hoc|iPhone.ActiveCfg = Debug|Any CPU
		{252C4B81-75EE-4DC4-9502-7225AC523FB7}.Ad-Hoc|iPhone.Build.0 = Debug|Any CPU
		{252C4B81-75EE-4DC4-9502-7225AC523FB7}.Ad-Hoc|iPhoneSimulator.ActiveCfg = Debug|Any CPU
		{252C4B81-75EE-4DC4-9502-7225AC523FB7}.Ad-Hoc|iPhoneSimulator.Build.0 = Debug|Any CPU
		{252C4B81-75EE-4DC4-9502-7225AC523FB7}.AppStore|Any CPU.ActiveCfg = Debug|Any CPU
		{252C4B81-75EE-4DC4-9502-7225AC523FB7}.AppStore|Any CPU.Build.0 = Debug|Any CPU
		{252C4B81-75EE-4DC4-9502-7225AC523FB7}.AppStore|iPhone.ActiveCfg = Debug|Any CPU
		{252C4B81-75EE-4DC4-9502-7225AC523FB7}.AppStore|iPhone.Build.0 = Debug|Any CPU
		{252C4B81-75EE-4DC4-9502-7225AC523FB7}.AppStore|iPhoneSimulator.ActiveCfg = Debug|Any CPU
		{252C4B81-75EE-4DC4-9502-7225AC523FB7}.AppStore|iPhoneSimulator.Build.0 = Debug|Any CPU
		{252C4B81-75EE-4DC4-9502-7225AC523FB7}.Debug|Any CPU.ActiveCfg = Debug|Any CPU
		{252C4B81-75EE-4DC4-9502-7225AC523FB7}.Debug|Any CPU.Build.0 = Debug|Any CPU
		{252C4B81-75EE-4DC4-9502-7225AC523FB7}.Debug|iPhone.ActiveCfg = Debug|Any CPU
		{252C4B81-75EE-4DC4-9502-7225AC523FB7}.Debug|iPhone.Build.0 = Debug|Any CPU
		{252C4B81-75EE-4DC4-9502-7225AC523FB7}.Debug|iPhoneSimulator.ActiveCfg = Debug|Any CPU
		{252C4B81-75EE-4DC4-9502-7225AC523FB7}.Debug|iPhoneSimulator.Build.0 = Debug|Any CPU
		{252C4B81-75EE-4DC4-9502-7225AC523FB7}.Release|Any CPU.ActiveCfg = Release|Any CPU
		{252C4B81-75EE-4DC4-9502-7225AC523FB7}.Release|Any CPU.Build.0 = Release|Any CPU
		{252C4B81-75EE-4DC4-9502-7225AC523FB7}.Release|iPhone.ActiveCfg = Release|Any CPU
		{252C4B81-75EE-4DC4-9502-7225AC523FB7}.Release|iPhone.Build.0 = Release|Any CPU
		{252C4B81-75EE-4DC4-9502-7225AC523FB7}.Release|iPhoneSimulator.ActiveCfg = Release|Any CPU
		{252C4B81-75EE-4DC4-9502-7225AC523FB7}.Release|iPhoneSimulator.Build.0 = Release|Any CPU
	EndGlobalSection
	GlobalSection(SolutionProperties) = preSolution
		HideSolutionNode = FALSE
	EndGlobalSection
	GlobalSection(ExtensibilityGlobals) = postSolution
		SolutionGuid = {A69F835B-BC95-4B45-BA71-8207BD0E0E68}
	EndGlobalSection
EndGlobal
